
Microsoft Visual Studio Solution File, Format Version 12.00
# Visual Studio Version 17
VisualStudioVersion = 17.12.35707.178 d17.12
MinimumVisualStudioVersion = 10.0.40219.1
Project("{FAE04EC0-301F-11D3-BF4B-00C04F79EFBC}") = "LogoTiger3Enterprise-Tools", "LogoTiger3Enterprise-Tools\LogoTiger3Enterprise-Tools.csproj", "{CEF44296-E0C6-4F6C-BCD5-08320D8C161A}"
EndProject
Global
	GlobalSection(SolutionConfigurationPlatforms) = preSolution
		Debug|Any CPU = Debug|Any CPU
		Release|Any CPU = Release|Any CPU
	EndGlobalSection
	GlobalSection(ProjectConfigurationPlatforms) = postSolution
		{CEF44296-E0C6-4F6C-BCD5-08320D8C161A}.Debug|Any CPU.ActiveCfg = Debug|Any CPU
		{CEF44296-E0C6-4F6C-BCD5-08320D8C161A}.Debug|Any CPU.Build.0 = Debug|Any CPU
		{CEF44296-E0C6-4F6C-BCD5-08320D8C161A}.Release|Any CPU.ActiveCfg = Release|Any CPU
		{CEF44296-E0C6-4F6C-BCD5-08320D8C161A}.Release|Any CPU.Build.0 = Release|Any CPU
	EndGlobalSection
	GlobalSection(SolutionProperties) = preSolution
		HideSolutionNode = FALSE
	EndGlobalSection
EndGlobal
